// !$*UTF8*$!
{
	archiveVersion = 1;
	classes = {
	};
	objectVersion = 46;
	objects = {

/* Begin PBXBuildFile section */
		8C15B9651957A8D9006DE09F /* Images.xcassets in Resources */ = {isa = PBXBuildFile; fileRef = 8C15B9641957A8D9006DE09F /* Images.xcassets */; };
		8C15B9711957A8D9006DE09F /* BitVisualTests.m in Sources */ = {isa = PBXBuildFile; fileRef = 8C15B9701957A8D9006DE09F /* BitVisualTests.m */; };
		8C15B9A91957A983006DE09F /* BVAppDelegate.m in Sources */ = {isa = PBXBuildFile; fileRef = 8C15B97C1957A983006DE09F /* BVAppDelegate.m */; };
		8C15B9AA1957A983006DE09F /* BVMenu.m in Sources */ = {isa = PBXBuildFile; fileRef = 8C15B97E1957A983006DE09F /* BVMenu.m */; };
		8C15B9AB1957A983006DE09F /* BVPriceGraph.m in Sources */ = {isa = PBXBuildFile; fileRef = 8C15B9801957A983006DE09F /* BVPriceGraph.m */; };
		8C15B9AC1957A983006DE09F /* BVViewController.m in Sources */ = {isa = PBXBuildFile; fileRef = 8C15B9821957A983006DE09F /* BVViewController.m */; };
		8C15B9AE1957A983006DE09F /* main.m in Sources */ = {isa = PBXBuildFile; fileRef = 8C15B9841957A983006DE09F /* main.m */; };
		8C15B9C21957A983006DE09F /* bitcoin.py in Resources */ = {isa = PBXBuildFile; fileRef = 8C15B99B1957A983006DE09F /* bitcoin.py */; };
		8C15B9C31957A983006DE09F /* bitcoin.pyc in Resources */ = {isa = PBXBuildFile; fileRef = 8C15B99C1957A983006DE09F /* bitcoin.pyc */; };
		8C15B9C41957A983006DE09F /* get_markets.py in Resources */ = {isa = PBXBuildFile; fileRef = 8C15B99D1957A983006DE09F /* get_markets.py */; };
		8C15B9C51957A983006DE09F /* get_markets.pyc in Resources */ = {isa = PBXBuildFile; fileRef = 8C15B99E1957A983006DE09F /* get_markets.pyc */; };
		8C15B9C61957A983006DE09F /* hourly_updater.py in Resources */ = {isa = PBXBuildFile; fileRef = 8C15B99F1957A983006DE09F /* hourly_updater.py */; };
		8C15B9C71957A983006DE09F /* markets_updater.py in Resources */ = {isa = PBXBuildFile; fileRef = 8C15B9A01957A983006DE09F /* markets_updater.py */; };
		8C15B9C81957A983006DE09F /* price_history.py in Resources */ = {isa = PBXBuildFile; fileRef = 8C15B9A11957A983006DE09F /* price_history.py */; };
		8C15B9C91957A983006DE09F /* app-coming-soon-apple.png in Resources */ = {isa = PBXBuildFile; fileRef = 8C15B9A41957A983006DE09F /* app-coming-soon-apple.png */; };
		8C15B9CA1957A983006DE09F /* appstore@2x.png in Resources */ = {isa = PBXBuildFile; fileRef = 8C15B9A51957A983006DE09F /* appstore@2x.png */; };
		8C15B9CB1957A983006DE09F /* bitprice_screen_1.png in Resources */ = {isa = PBXBuildFile; fileRef = 8C15B9A61957A983006DE09F /* bitprice_screen_1.png */; };
		8C15B9CC1957A983006DE09F /* qr.png in Resources */ = {isa = PBXBuildFile; fileRef = 8C15B9A71957A983006DE09F /* qr.png */; };
		8C15B9CD1957A983006DE09F /* index.html in Resources */ = {isa = PBXBuildFile; fileRef = 8C15B9A81957A983006DE09F /* index.html */; };
		8CBBB0721957CD0B00232E21 /* abstract_smoke_free_blur.jpg in Resources */ = {isa = PBXBuildFile; fileRef = 8CBBB0621957CD0B00232E21 /* abstract_smoke_free_blur.jpg */; };
		8CBBB0731957CD0B00232E21 /* blue_circles_free.jpg in Resources */ = {isa = PBXBuildFile; fileRef = 8CBBB0631957CD0B00232E21 /* blue_circles_free.jpg */; };
		8CBBB0741957CD0B00232E21 /* bw_dock.jpg in Resources */ = {isa = PBXBuildFile; fileRef = 8CBBB0641957CD0B00232E21 /* bw_dock.jpg */; };
		8CBBB0751957CD0B00232E21 /* bw_fence.jpg in Resources */ = {isa = PBXBuildFile; fileRef = 8CBBB0651957CD0B00232E21 /* bw_fence.jpg */; };
		8CBBB0761957CD0B00232E21 /* bw_ocean.jpg in Resources */ = {isa = PBXBuildFile; fileRef = 8CBBB0661957CD0B00232E21 /* bw_ocean.jpg */; };
		8CBBB0771957CD0B00232E21 /* bw_wet_wood.jpg in Resources */ = {isa = PBXBuildFile; fileRef = 8CBBB0671957CD0B00232E21 /* bw_wet_wood.jpg */; };
		8CBBB0781957CD0B00232E21 /* gear_black_bg.png in Resources */ = {isa = PBXBuildFile; fileRef = 8CBBB0681957CD0B00232E21 /* gear_black_bg.png */; };
		8CBBB0791957CD0B00232E21 /* nebula.jpg in Resources */ = {isa = PBXBuildFile; fileRef = 8CBBB0691957CD0B00232E21 /* nebula.jpg */; };
		8CBBB07A1957CD0B00232E21 /* red_gradient.jpg in Resources */ = {isa = PBXBuildFile; fileRef = 8CBBB06A1957CD0B00232E21 /* red_gradient.jpg */; };
		8CBBB07B1957CD0B00232E21 /* sparkling_sea_free_small.jpg in Resources */ = {isa = PBXBuildFile; fileRef = 8CBBB06B1957CD0B00232E21 /* sparkling_sea_free_small.jpg */; };
		8CBBB07C1957CD0B00232E21 /* wheat_free_small.jpg in Resources */ = {isa = PBXBuildFile; fileRef = 8CBBB06C1957CD0B00232E21 /* wheat_free_small.jpg */; };
		8CBBB07D1957CD0B00232E21 /* wild_flowers_free.jpg in Resources */ = {isa = PBXBuildFile; fileRef = 8CBBB06D1957CD0B00232E21 /* wild_flowers_free.jpg */; };
		8CBBB07E1957CD0B00232E21 /* Images.xcassets in Resources */ = {isa = PBXBuildFile; fileRef = 8CBBB06E1957CD0B00232E21 /* Images.xcassets */; };
		8CBBB07F1957CD0B00232E21 /* logo 1024x1024.psd in Resources */ = {isa = PBXBuildFile; fileRef = 8CBBB0701957CD0B00232E21 /* logo 1024x1024.psd */; };
		8CBBB0801957CD0B00232E21 /* logo_1024x1024.png in Resources */ = {isa = PBXBuildFile; fileRef = 8CBBB0711957CD0B00232E21 /* logo_1024x1024.png */; };
/* End PBXBuildFile section */

/* Begin PBXContainerItemProxy section */
		8C15B96B1957A8D9006DE09F /* PBXContainerItemProxy */ = {
			isa = PBXContainerItemProxy;
			containerPortal = 8C15B94C1957A8D9006DE09F /* Project object */;
			proxyType = 1;
			remoteGlobalIDString = 8C15B9531957A8D9006DE09F;
			remoteInfo = BitVisual;
		};
		8CBBB0811957CD5900232E21 /* PBXContainerItemProxy */ = {
			isa = PBXContainerItemProxy;
			containerPortal = 8C15B94C1957A8D9006DE09F /* Project object */;
			proxyType = 1;
			remoteGlobalIDString = 8C15B9531957A8D9006DE09F;
			remoteInfo = BitVisual;
		};
		8CBBB0831957CD5900232E21 /* PBXContainerItemProxy */ = {
			isa = PBXContainerItemProxy;
			containerPortal = 8C15B94C1957A8D9006DE09F /* Project object */;
			proxyType = 1;
			remoteGlobalIDString = 8C15B9531957A8D9006DE09F;
			remoteInfo = BitVisual;
		};
/* End PBXContainerItemProxy section */

/* Begin PBXFileReference section */
		8C15B9541957A8D9006DE09F /* BitVisual.app */ = {isa = PBXFileReference; explicitFileType = wrapper.application; includeInIndex = 0; path = BitVisual.app; sourceTree = BUILT_PRODUCTS_DIR; };
		8C15B9581957A8D9006DE09F /* Info.plist */ = {isa = PBXFileReference; lastKnownFileType = text.plist.xml; path = Info.plist; sourceTree = "<group>"; };
		8C15B9641957A8D9006DE09F /* Images.xcassets */ = {isa = PBXFileReference; lastKnownFileType = folder.assetcatalog; path = Images.xcassets; sourceTree = "<group>"; };
		8C15B96A1957A8D9006DE09F /* BitVisualTests.xctest */ = {isa = PBXFileReference; explicitFileType = wrapper.cfbundle; includeInIndex = 0; path = BitVisualTests.xctest; sourceTree = BUILT_PRODUCTS_DIR; };
		8C15B96F1957A8D9006DE09F /* Info.plist */ = {isa = PBXFileReference; lastKnownFileType = text.plist.xml; path = Info.plist; sourceTree = "<group>"; };
		8C15B9701957A8D9006DE09F /* BitVisualTests.m */ = {isa = PBXFileReference; lastKnownFileType = sourcecode.c.objc; path = BitVisualTests.m; sourceTree = "<group>"; };
		8C15B97B1957A983006DE09F /* BVAppDelegate.h */ = {isa = PBXFileReference; fileEncoding = 4; lastKnownFileType = sourcecode.c.h; path = BVAppDelegate.h; sourceTree = "<group>"; };
		8C15B97C1957A983006DE09F /* BVAppDelegate.m */ = {isa = PBXFileReference; fileEncoding = 4; lastKnownFileType = sourcecode.c.objc; path = BVAppDelegate.m; sourceTree = "<group>"; };
		8C15B97D1957A983006DE09F /* BVMenu.h */ = {isa = PBXFileReference; fileEncoding = 4; lastKnownFileType = sourcecode.c.h; path = BVMenu.h; sourceTree = "<group>"; };
		8C15B97E1957A983006DE09F /* BVMenu.m */ = {isa = PBXFileReference; fileEncoding = 4; lastKnownFileType = sourcecode.c.objc; path = BVMenu.m; sourceTree = "<group>"; };
		8C15B97F1957A983006DE09F /* BVPriceGraph.h */ = {isa = PBXFileReference; fileEncoding = 4; lastKnownFileType = sourcecode.c.h; path = BVPriceGraph.h; sourceTree = "<group>"; };
		8C15B9801957A983006DE09F /* BVPriceGraph.m */ = {isa = PBXFileReference; fileEncoding = 4; lastKnownFileType = sourcecode.c.objc; path = BVPriceGraph.m; sourceTree = "<group>"; };
		8C15B9811957A983006DE09F /* BVViewController.h */ = {isa = PBXFileReference; fileEncoding = 4; lastKnownFileType = sourcecode.c.h; path = BVViewController.h; sourceTree = "<group>"; };
		8C15B9821957A983006DE09F /* BVViewController.m */ = {isa = PBXFileReference; fileEncoding = 4; lastKnownFileType = sourcecode.c.objc; path = BVViewController.m; sourceTree = "<group>"; };
		8C15B9841957A983006DE09F /* main.m */ = {isa = PBXFileReference; fileEncoding = 4; lastKnownFileType = sourcecode.c.objc; path = main.m; sourceTree = "<group>"; };
		8C15B99B1957A983006DE09F /* bitcoin.py */ = {isa = PBXFileReference; fileEncoding = 4; lastKnownFileType = text.script.python; path = bitcoin.py; sourceTree = "<group>"; };
		8C15B99C1957A983006DE09F /* bitcoin.pyc */ = {isa = PBXFileReference; lastKnownFileType = file; path = bitcoin.pyc; sourceTree = "<group>"; };
		8C15B99D1957A983006DE09F /* get_markets.py */ = {isa = PBXFileReference; fileEncoding = 4; lastKnownFileType = text.script.python; path = get_markets.py; sourceTree = "<group>"; };
		8C15B99E1957A983006DE09F /* get_markets.pyc */ = {isa = PBXFileReference; lastKnownFileType = file; path = get_markets.pyc; sourceTree = "<group>"; };
		8C15B99F1957A983006DE09F /* hourly_updater.py */ = {isa = PBXFileReference; fileEncoding = 4; lastKnownFileType = text.script.python; path = hourly_updater.py; sourceTree = "<group>"; };
		8C15B9A01957A983006DE09F /* markets_updater.py */ = {isa = PBXFileReference; fileEncoding = 4; lastKnownFileType = text.script.python; path = markets_updater.py; sourceTree = "<group>"; };
		8C15B9A11957A983006DE09F /* price_history.py */ = {isa = PBXFileReference; fileEncoding = 4; lastKnownFileType = text.script.python; path = price_history.py; sourceTree = "<group>"; };
		8C15B9A41957A983006DE09F /* app-coming-soon-apple.png */ = {isa = PBXFileReference; lastKnownFileType = image.png; path = "app-coming-soon-apple.png"; sourceTree = "<group>"; };
		8C15B9A51957A983006DE09F /* appstore@2x.png */ = {isa = PBXFileReference; lastKnownFileType = image.png; path = "appstore@2x.png"; sourceTree = "<group>"; };
		8C15B9A61957A983006DE09F /* bitprice_screen_1.png */ = {isa = PBXFileReference; lastKnownFileType = image.png; path = bitprice_screen_1.png; sourceTree = "<group>"; };
		8C15B9A71957A983006DE09F /* qr.png */ = {isa = PBXFileReference; lastKnownFileType = image.png; path = qr.png; sourceTree = "<group>"; };
		8C15B9A81957A983006DE09F /* index.html */ = {isa = PBXFileReference; fileEncoding = 4; lastKnownFileType = text.html; path = index.html; sourceTree = "<group>"; };
		8CBBB0621957CD0B00232E21 /* abstract_smoke_free_blur.jpg */ = {isa = PBXFileReference; lastKnownFileType = image.jpeg; path = abstract_smoke_free_blur.jpg; sourceTree = "<group>"; };
		8CBBB0631957CD0B00232E21 /* blue_circles_free.jpg */ = {isa = PBXFileReference; lastKnownFileType = image.jpeg; path = blue_circles_free.jpg; sourceTree = "<group>"; };
		8CBBB0641957CD0B00232E21 /* bw_dock.jpg */ = {isa = PBXFileReference; lastKnownFileType = image.jpeg; path = bw_dock.jpg; sourceTree = "<group>"; };
		8CBBB0651957CD0B00232E21 /* bw_fence.jpg */ = {isa = PBXFileReference; lastKnownFileType = image.jpeg; path = bw_fence.jpg; sourceTree = "<group>"; };
		8CBBB0661957CD0B00232E21 /* bw_ocean.jpg */ = {isa = PBXFileReference; lastKnownFileType = image.jpeg; path = bw_ocean.jpg; sourceTree = "<group>"; };
		8CBBB0671957CD0B00232E21 /* bw_wet_wood.jpg */ = {isa = PBXFileReference; lastKnownFileType = image.jpeg; path = bw_wet_wood.jpg; sourceTree = "<group>"; };
		8CBBB0681957CD0B00232E21 /* gear_black_bg.png */ = {isa = PBXFileReference; lastKnownFileType = image.png; path = gear_black_bg.png; sourceTree = "<group>"; };
		8CBBB0691957CD0B00232E21 /* nebula.jpg */ = {isa = PBXFileReference; lastKnownFileType = image.jpeg; path = nebula.jpg; sourceTree = "<group>"; };
		8CBBB06A1957CD0B00232E21 /* red_gradient.jpg */ = {isa = PBXFileReference; lastKnownFileType = image.jpeg; path = red_gradient.jpg; sourceTree = "<group>"; };
		8CBBB06B1957CD0B00232E21 /* sparkling_sea_free_small.jpg */ = {isa = PBXFileReference; lastKnownFileType = image.jpeg; path = sparkling_sea_free_small.jpg; sourceTree = "<group>"; };
		8CBBB06C1957CD0B00232E21 /* wheat_free_small.jpg */ = {isa = PBXFileReference; lastKnownFileType = image.jpeg; path = wheat_free_small.jpg; sourceTree = "<group>"; };
		8CBBB06D1957CD0B00232E21 /* wild_flowers_free.jpg */ = {isa = PBXFileReference; lastKnownFileType = image.jpeg; path = wild_flowers_free.jpg; sourceTree = "<group>"; };
		8CBBB06E1957CD0B00232E21 /* Images.xcassets */ = {isa = PBXFileReference; lastKnownFileType = folder.assetcatalog; path = Images.xcassets; sourceTree = "<group>"; };
		8CBBB0701957CD0B00232E21 /* logo 1024x1024.psd */ = {isa = PBXFileReference; lastKnownFileType = file; path = "logo 1024x1024.psd"; sourceTree = "<group>"; };
		8CBBB0711957CD0B00232E21 /* logo_1024x1024.png */ = {isa = PBXFileReference; lastKnownFileType = image.png; path = logo_1024x1024.png; sourceTree = "<group>"; };
/* End PBXFileReference section */

/* Begin PBXFrameworksBuildPhase section */
		8C15B9511957A8D9006DE09F /* Frameworks */ = {
			isa = PBXFrameworksBuildPhase;
			buildActionMask = 2147483647;
			files = (
			);
			runOnlyForDeploymentPostprocessing = 0;
		};
		8C15B9671957A8D9006DE09F /* Frameworks */ = {
			isa = PBXFrameworksBuildPhase;
			buildActionMask = 2147483647;
			files = (
			);
			runOnlyForDeploymentPostprocessing = 0;
		};
/* End PBXFrameworksBuildPhase section */

/* Begin PBXGroup section */
		8C15B94B1957A8D9006DE09F = {
			isa = PBXGroup;
			children = (
				8C15B97A1957A983006DE09F /* client */,
				8C15B99A1957A983006DE09F /* server */,
				8CBBB0601957CD0B00232E21 /* images */,
				8C15B9A21957A983006DE09F /* website */,
				8C15B9561957A8D9006DE09F /* BitVisual */,
				8C15B96D1957A8D9006DE09F /* BitVisualTests */,
				8C15B9551957A8D9006DE09F /* Products */,
			);
			sourceTree = "<group>";
		};
		8C15B9551957A8D9006DE09F /* Products */ = {
			isa = PBXGroup;
			children = (
				8C15B9541957A8D9006DE09F /* BitVisual.app */,
				8C15B96A1957A8D9006DE09F /* BitVisualTests.xctest */,
			);
			name = Products;
			sourceTree = "<group>";
		};
		8C15B9561957A8D9006DE09F /* BitVisual */ = {
			isa = PBXGroup;
			children = (
				8C15B9641957A8D9006DE09F /* Images.xcassets */,
				8C15B9571957A8D9006DE09F /* Supporting Files */,
			);
			path = BitVisual;
			sourceTree = "<group>";
		};
		8C15B9571957A8D9006DE09F /* Supporting Files */ = {
			isa = PBXGroup;
			children = (
				8C15B9581957A8D9006DE09F /* Info.plist */,
			);
			name = "Supporting Files";
			sourceTree = "<group>";
		};
		8C15B96D1957A8D9006DE09F /* BitVisualTests */ = {
			isa = PBXGroup;
			children = (
				8C15B9701957A8D9006DE09F /* BitVisualTests.m */,
				8C15B96E1957A8D9006DE09F /* Supporting Files */,
			);
			path = BitVisualTests;
			sourceTree = "<group>";
		};
		8C15B96E1957A8D9006DE09F /* Supporting Files */ = {
			isa = PBXGroup;
			children = (
				8C15B96F1957A8D9006DE09F /* Info.plist */,
			);
			name = "Supporting Files";
			sourceTree = "<group>";
		};
		8C15B97A1957A983006DE09F /* client */ = {
			isa = PBXGroup;
			children = (
				8C15B97B1957A983006DE09F /* BVAppDelegate.h */,
				8C15B97C1957A983006DE09F /* BVAppDelegate.m */,
				8C15B97D1957A983006DE09F /* BVMenu.h */,
				8C15B97E1957A983006DE09F /* BVMenu.m */,
				8C15B97F1957A983006DE09F /* BVPriceGraph.h */,
				8C15B9801957A983006DE09F /* BVPriceGraph.m */,
				8C15B9811957A983006DE09F /* BVViewController.h */,
				8C15B9821957A983006DE09F /* BVViewController.m */,
				8C15B9841957A983006DE09F /* main.m */,
			);
			path = client;
			sourceTree = "<group>";
		};
		8C15B99A1957A983006DE09F /* server */ = {
			isa = PBXGroup;
			children = (
				8C15B99B1957A983006DE09F /* bitcoin.py */,
				8C15B99C1957A983006DE09F /* bitcoin.pyc */,
				8C15B99D1957A983006DE09F /* get_markets.py */,
				8C15B99E1957A983006DE09F /* get_markets.pyc */,
				8C15B99F1957A983006DE09F /* hourly_updater.py */,
				8C15B9A01957A983006DE09F /* markets_updater.py */,
				8C15B9A11957A983006DE09F /* price_history.py */,
			);
			path = server;
			sourceTree = "<group>";
		};
		8C15B9A21957A983006DE09F /* website */ = {
			isa = PBXGroup;
			children = (
				8C15B9A31957A983006DE09F /* img */,
				8C15B9A81957A983006DE09F /* index.html */,
			);
			path = website;
			sourceTree = "<group>";
		};
		8C15B9A31957A983006DE09F /* img */ = {
			isa = PBXGroup;
			children = (
				8C15B9A41957A983006DE09F /* app-coming-soon-apple.png */,
				8C15B9A51957A983006DE09F /* appstore@2x.png */,
				8C15B9A61957A983006DE09F /* bitprice_screen_1.png */,
				8C15B9A71957A983006DE09F /* qr.png */,
			);
			path = img;
			sourceTree = "<group>";
		};
		8CBBB0601957CD0B00232E21 /* images */ = {
			isa = PBXGroup;
			children = (
				8CBBB0611957CD0B00232E21 /* backgrounds */,
				8CBBB06E1957CD0B00232E21 /* Images.xcassets */,
				8CBBB06F1957CD0B00232E21 /* logos */,
			);
			path = images;
			sourceTree = "<group>";
		};
		8CBBB0611957CD0B00232E21 /* backgrounds */ = {
			isa = PBXGroup;
			children = (
				8CBBB0621957CD0B00232E21 /* abstract_smoke_free_blur.jpg */,
				8CBBB0631957CD0B00232E21 /* blue_circles_free.jpg */,
				8CBBB0641957CD0B00232E21 /* bw_dock.jpg */,
				8CBBB0651957CD0B00232E21 /* bw_fence.jpg */,
				8CBBB0661957CD0B00232E21 /* bw_ocean.jpg */,
				8CBBB0671957CD0B00232E21 /* bw_wet_wood.jpg */,
				8CBBB0681957CD0B00232E21 /* gear_black_bg.png */,
				8CBBB0691957CD0B00232E21 /* nebula.jpg */,
				8CBBB06A1957CD0B00232E21 /* red_gradient.jpg */,
				8CBBB06B1957CD0B00232E21 /* sparkling_sea_free_small.jpg */,
				8CBBB06C1957CD0B00232E21 /* wheat_free_small.jpg */,
				8CBBB06D1957CD0B00232E21 /* wild_flowers_free.jpg */,
			);
			path = backgrounds;
			sourceTree = "<group>";
		};
		8CBBB06F1957CD0B00232E21 /* logos */ = {
			isa = PBXGroup;
			children = (
				8CBBB0701957CD0B00232E21 /* logo 1024x1024.psd */,
				8CBBB0711957CD0B00232E21 /* logo_1024x1024.png */,
			);
			path = logos;
			sourceTree = "<group>";
		};
/* End PBXGroup section */

/* Begin PBXNativeTarget section */
		8C15B9531957A8D9006DE09F /* BitVisual */ = {
			isa = PBXNativeTarget;
			buildConfigurationList = 8C15B9741957A8DA006DE09F /* Build configuration list for PBXNativeTarget "BitVisual" */;
			buildPhases = (
				8C15B9501957A8D9006DE09F /* Sources */,
				8C15B9511957A8D9006DE09F /* Frameworks */,
				8C15B9521957A8D9006DE09F /* Resources */,
			);
			buildRules = (
			);
			dependencies = (
			);
			name = BitVisual;
			productName = BitVisual;
			productReference = 8C15B9541957A8D9006DE09F /* BitVisual.app */;
			productType = "com.apple.product-type.application";
		};
		8C15B9691957A8D9006DE09F /* BitVisualTests */ = {
			isa = PBXNativeTarget;
			buildConfigurationList = 8C15B9771957A8DA006DE09F /* Build configuration list for PBXNativeTarget "BitVisualTests" */;
			buildPhases = (
				8C15B9661957A8D9006DE09F /* Sources */,
				8C15B9671957A8D9006DE09F /* Frameworks */,
				8C15B9681957A8D9006DE09F /* Resources */,
			);
			buildRules = (
			);
			dependencies = (
				8C15B96C1957A8D9006DE09F /* PBXTargetDependency */,
				8CBBB0821957CD5900232E21 /* PBXTargetDependency */,
				8CBBB0841957CD5900232E21 /* PBXTargetDependency */,
			);
			name = BitVisualTests;
			productName = BitVisualTests;
			productReference = 8C15B96A1957A8D9006DE09F /* BitVisualTests.xctest */;
			productType = "com.apple.product-type.bundle.unit-test";
		};
/* End PBXNativeTarget section */

/* Begin PBXProject section */
		8C15B94C1957A8D9006DE09F /* Project object */ = {
			isa = PBXProject;
			attributes = {
				LastUpgradeCheck = 0600;
				ORGANIZATIONNAME = "Sean Estey";
				TargetAttributes = {
					8C15B9531957A8D9006DE09F = {
						CreatedOnToolsVersion = 6.0;
						DevelopmentTeam = AGV6J2RW7V;
					};
					8C15B9691957A8D9006DE09F = {
						CreatedOnToolsVersion = 6.0;
						TestTargetID = 8C15B9531957A8D9006DE09F;
					};
				};
			};
			buildConfigurationList = 8C15B94F1957A8D9006DE09F /* Build configuration list for PBXProject "BitVisual" */;
			compatibilityVersion = "Xcode 3.2";
			developmentRegion = English;
			hasScannedForEncodings = 0;
			knownRegions = (
				en,
				Base,
			);
			mainGroup = 8C15B94B1957A8D9006DE09F;
			productRefGroup = 8C15B9551957A8D9006DE09F /* Products */;
			projectDirPath = "";
			projectRoot = "";
			targets = (
				8C15B9531957A8D9006DE09F /* BitVisual */,
				8C15B9691957A8D9006DE09F /* BitVisualTests */,
			);
		};
/* End PBXProject section */

/* Begin PBXResourcesBuildPhase section */
		8C15B9521957A8D9006DE09F /* Resources */ = {
			isa = PBXResourcesBuildPhase;
			buildActionMask = 2147483647;
			files = (
				8C15B9C41957A983006DE09F /* get_markets.py in Resources */,
				8CBBB07B1957CD0B00232E21 /* sparkling_sea_free_small.jpg in Resources */,
				8C15B9C31957A983006DE09F /* bitcoin.pyc in Resources */,
				8CBBB07E1957CD0B00232E21 /* Images.xcassets in Resources */,
				8CBBB0751957CD0B00232E21 /* bw_fence.jpg in Resources */,
				8C15B9CA1957A983006DE09F /* appstore@2x.png in Resources */,
				8CBBB0741957CD0B00232E21 /* bw_dock.jpg in Resources */,
				8C15B9C71957A983006DE09F /* markets_updater.py in Resources */,
				8CBBB0791957CD0B00232E21 /* nebula.jpg in Resources */,
				8CBBB07D1957CD0B00232E21 /* wild_flowers_free.jpg in Resources */,
				8CBBB07A1957CD0B00232E21 /* red_gradient.jpg in Resources */,
				8C15B9CD1957A983006DE09F /* index.html in Resources */,
				8CBBB0781957CD0B00232E21 /* gear_black_bg.png in Resources */,
				8C15B9C91957A983006DE09F /* app-coming-soon-apple.png in Resources */,
				8C15B9CB1957A983006DE09F /* bitprice_screen_1.png in Resources */,
				8CBBB07C1957CD0B00232E21 /* wheat_free_small.jpg in Resources */,
				8C15B9C21957A983006DE09F /* bitcoin.py in Resources */,
				8C15B9C61957A983006DE09F /* hourly_updater.py in Resources */,
				8C15B9C81957A983006DE09F /* price_history.py in Resources */,
				8CBBB0721957CD0B00232E21 /* abstract_smoke_free_blur.jpg in Resources */,
				8CBBB07F1957CD0B00232E21 /* logo 1024x1024.psd in Resources */,
				8C15B9CC1957A983006DE09F /* qr.png in Resources */,
				8CBBB0731957CD0B00232E21 /* blue_circles_free.jpg in Resources */,
				8CBBB0801957CD0B00232E21 /* logo_1024x1024.png in Resources */,
				8C15B9C51957A983006DE09F /* get_markets.pyc in Resources */,
				8C15B9651957A8D9006DE09F /* Images.xcassets in Resources */,
				8CBBB0761957CD0B00232E21 /* bw_ocean.jpg in Resources */,
				8CBBB0771957CD0B00232E21 /* bw_wet_wood.jpg in Resources */,
			);
			runOnlyForDeploymentPostprocessing = 0;
		};
		8C15B9681957A8D9006DE09F /* Resources */ = {
			isa = PBXResourcesBuildPhase;
			buildActionMask = 2147483647;
			files = (
			);
			runOnlyForDeploymentPostprocessing = 0;
		};
/* End PBXResourcesBuildPhase section */

/* Begin PBXSourcesBuildPhase section */
		8C15B9501957A8D9006DE09F /* Sources */ = {
			isa = PBXSourcesBuildPhase;
			buildActionMask = 2147483647;
			files = (
				8C15B9A91957A983006DE09F /* BVAppDelegate.m in Sources */,
				8C15B9AA1957A983006DE09F /* BVMenu.m in Sources */,
				8C15B9AC1957A983006DE09F /* BVViewController.m in Sources */,
				8C15B9AB1957A983006DE09F /* BVPriceGraph.m in Sources */,
				8C15B9AE1957A983006DE09F /* main.m in Sources */,
			);
			runOnlyForDeploymentPostprocessing = 0;
		};
		8C15B9661957A8D9006DE09F /* Sources */ = {
			isa = PBXSourcesBuildPhase;
			buildActionMask = 2147483647;
			files = (
				8C15B9711957A8D9006DE09F /* BitVisualTests.m in Sources */,
			);
			runOnlyForDeploymentPostprocessing = 0;
		};
/* End PBXSourcesBuildPhase section */

/* Begin PBXTargetDependency section */
		8C15B96C1957A8D9006DE09F /* PBXTargetDependency */ = {
			isa = PBXTargetDependency;
			target = 8C15B9531957A8D9006DE09F /* BitVisual */;
			targetProxy = 8C15B96B1957A8D9006DE09F /* PBXContainerItemProxy */;
		};
		8CBBB0821957CD5900232E21 /* PBXTargetDependency */ = {
			isa = PBXTargetDependency;
			target = 8C15B9531957A8D9006DE09F /* BitVisual */;
			targetProxy = 8CBBB0811957CD5900232E21 /* PBXContainerItemProxy */;
		};
		8CBBB0841957CD5900232E21 /* PBXTargetDependency */ = {
			isa = PBXTargetDependency;
			target = 8C15B9531957A8D9006DE09F /* BitVisual */;
			targetProxy = 8CBBB0831957CD5900232E21 /* PBXContainerItemProxy */;
		};
/* End PBXTargetDependency section */

/* Begin XCBuildConfiguration section */
		8C15B9721957A8DA006DE09F /* Debug */ = {
			isa = XCBuildConfiguration;
			buildSettings = {
				ALWAYS_SEARCH_USER_PATHS = NO;
				CLANG_CXX_LANGUAGE_STANDARD = "gnu++0x";
				CLANG_CXX_LIBRARY = "libc++";
				CLANG_ENABLE_MODULES = YES;
				CLANG_ENABLE_OBJC_ARC = YES;
				CLANG_WARN_BOOL_CONVERSION = YES;
				CLANG_WARN_CONSTANT_CONVERSION = YES;
				CLANG_WARN_DIRECT_OBJC_ISA_USAGE = YES_ERROR;
				CLANG_WARN_EMPTY_BODY = YES;
				CLANG_WARN_ENUM_CONVERSION = YES;
				CLANG_WARN_INT_CONVERSION = YES;
				CLANG_WARN_OBJC_ROOT_CLASS = YES_ERROR;
				CLANG_WARN_UNREACHABLE_CODE = YES;
				CLANG_WARN__DUPLICATE_METHOD_MATCH = YES;
				"CODE_SIGN_IDENTITY[sdk=iphoneos*]" = "iPhone Developer";
				COPY_PHASE_STRIP = NO;
				ENABLE_STRICT_OBJC_MSGSEND = YES;
				GCC_C_LANGUAGE_STANDARD = gnu99;
				GCC_DYNAMIC_NO_PIC = NO;
				GCC_OPTIMIZATION_LEVEL = 0;
				GCC_PREPROCESSOR_DEFINITIONS = (
					"DEBUG=1",
					"$(inherited)",
				);
				GCC_SYMBOLS_PRIVATE_EXTERN = NO;
				GCC_WARN_64_TO_32_BIT_CONVERSION = YES;
				GCC_WARN_ABOUT_RETURN_TYPE = YES_ERROR;
				GCC_WARN_UNDECLARED_SELECTOR = YES;
				GCC_WARN_UNINITIALIZED_AUTOS = YES_AGGRESSIVE;
				GCC_WARN_UNUSED_FUNCTION = YES;
				GCC_WARN_UNUSED_VARIABLE = YES;
				IPHONEOS_DEPLOYMENT_TARGET = 7.0;
				METAL_ENABLE_DEBUG_INFO = YES;
				ONLY_ACTIVE_ARCH = YES;
				SDKROOT = iphoneos;
			};
			name = Debug;
		};
		8C15B9731957A8DA006DE09F /* Release */ = {
			isa = XCBuildConfiguration;
			buildSettings = {
				ALWAYS_SEARCH_USER_PATHS = NO;
				CLANG_CXX_LANGUAGE_STANDARD = "gnu++0x";
				CLANG_CXX_LIBRARY = "libc++";
				CLANG_ENABLE_MODULES = YES;
				CLANG_ENABLE_OBJC_ARC = YES;
				CLANG_WARN_BOOL_CONVERSION = YES;
				CLANG_WARN_CONSTANT_CONVERSION = YES;
				CLANG_WARN_DIRECT_OBJC_ISA_USAGE = YES_ERROR;
				CLANG_WARN_EMPTY_BODY = YES;
				CLANG_WARN_ENUM_CONVERSION = YES;
				CLANG_WARN_INT_CONVERSION = YES;
				CLANG_WARN_OBJC_ROOT_CLASS = YES_ERROR;
				CLANG_WARN_UNREACHABLE_CODE = YES;
				CLANG_WARN__DUPLICATE_METHOD_MATCH = YES;
				"CODE_SIGN_IDENTITY[sdk=iphoneos*]" = "iPhone Developer";
				COPY_PHASE_STRIP = YES;
				ENABLE_NS_ASSERTIONS = NO;
				ENABLE_STRICT_OBJC_MSGSEND = YES;
				GCC_C_LANGUAGE_STANDARD = gnu99;
				GCC_WARN_64_TO_32_BIT_CONVERSION = YES;
				GCC_WARN_ABOUT_RETURN_TYPE = YES_ERROR;
				GCC_WARN_UNDECLARED_SELECTOR = YES;
				GCC_WARN_UNINITIALIZED_AUTOS = YES_AGGRESSIVE;
				GCC_WARN_UNUSED_FUNCTION = YES;
				GCC_WARN_UNUSED_VARIABLE = YES;
				IPHONEOS_DEPLOYMENT_TARGET = 7.0;
				METAL_ENABLE_DEBUG_INFO = NO;
				SDKROOT = iphoneos;
				VALIDATE_PRODUCT = YES;
			};
			name = Release;
		};
		8C15B9751957A8DA006DE09F /* Debug */ = {
			isa = XCBuildConfiguration;
			buildSettings = {
				ASSETCATALOG_COMPILER_APPICON_NAME = AppIcon;
				ASSETCATALOG_COMPILER_LAUNCHIMAGE_NAME = LaunchImage;
				CODE_SIGN_IDENTITY = "iPhone Distribution: Sean Estey (AGV6J2RW7V)";
				INFOPLIST_FILE = BitVisual/Info.plist;
				IPHONEOS_DEPLOYMENT_TARGET = 7.1;
				LD_RUNPATH_SEARCH_PATHS = "$(inherited) @executable_path/Frameworks";
				PRODUCT_NAME = "$(TARGET_NAME)";
				PROVISIONING_PROFILE = "D8C7F78A-6A3E-4325-AD14-44DBE44F55AD";
				TARGETED_DEVICE_FAMILY = 1;
			};
			name = Debug;
		};
		8C15B9761957A8DA006DE09F /* Release */ = {
			isa = XCBuildConfiguration;
			buildSettings = {
				ASSETCATALOG_COMPILER_APPICON_NAME = AppIcon;
				ASSETCATALOG_COMPILER_LAUNCHIMAGE_NAME = LaunchImage;
				CODE_SIGN_IDENTITY = "iPhone Distribution: Sean Estey (AGV6J2RW7V)";
				INFOPLIST_FILE = BitVisual/Info.plist;
				IPHONEOS_DEPLOYMENT_TARGET = 7.1;
				LD_RUNPATH_SEARCH_PATHS = "$(inherited) @executable_path/Frameworks";
				PRODUCT_NAME = "$(TARGET_NAME)";
				PROVISIONING_PROFILE = "D8C7F78A-6A3E-4325-AD14-44DBE44F55AD";
				TARGETED_DEVICE_FAMILY = 1;
			};
			name = Release;
		};
		8C15B9781957A8DA006DE09F /* Debug */ = {
			isa = XCBuildConfiguration;
			buildSettings = {
				BUNDLE_LOADER = "$(BUILT_PRODUCTS_DIR)/BitVisual.app/BitVisual";
				FRAMEWORK_SEARCH_PATHS = (
					"$(SDKROOT)/Developer/Library/Frameworks",
					"$(inherited)",
				);
				GCC_PREPROCESSOR_DEFINITIONS = (
					"DEBUG=1",
					"$(inherited)",
				);
				INFOPLIST_FILE = BitVisualTests/Info.plist;
				LD_RUNPATH_SEARCH_PATHS = "$(inherited) @executable_path/Frameworks @loader_path/Frameworks";
				METAL_ENABLE_DEBUG_INFO = YES;
				PRODUCT_NAME = "$(TARGET_NAME)";
				TEST_HOST = "$(BUNDLE_LOADER)";
			};
			name = Debug;
		};
		8C15B9791957A8DA006DE09F /* Release */ = {
			isa = XCBuildConfiguration;
			buildSettings = {
				BUNDLE_LOADER = "$(BUILT_PRODUCTS_DIR)/BitVisual.app/BitVisual";
				FRAMEWORK_SEARCH_PATHS = (
					"$(SDKROOT)/Developer/Library/Frameworks",
					"$(inherited)",
				);
				INFOPLIST_FILE = BitVisualTests/Info.plist;
				LD_RUNPATH_SEARCH_PATHS = "$(inherited) @executable_path/Frameworks @loader_path/Frameworks";
				METAL_ENABLE_DEBUG_INFO = NO;
				PRODUCT_NAME = "$(TARGET_NAME)";
				TEST_HOST = "$(BUNDLE_LOADER)";
			};
			name = Release;
		};
/* End XCBuildConfiguration section */

/* Begin XCConfigurationList section */
		8C15B94F1957A8D9006DE09F /* Build configuration list for PBXProject "BitVisual" */ = {
			isa = XCConfigurationList;
			buildConfigurations = (
				8C15B9721957A8DA006DE09F /* Debug */,
				8C15B9731957A8DA006DE09F /* Release */,
			);
			defaultConfigurationIsVisible = 0;
			defaultConfigurationName = Release;
		};
		8C15B9741957A8DA006DE09F /* Build configuration list for PBXNativeTarget "BitVisual" */ = {
			isa = XCConfigurationList;
			buildConfigurations = (
				8C15B9751957A8DA006DE09F /* Debug */,
				8C15B9761957A8DA006DE09F /* Release */,
			);
			defaultConfigurationIsVisible = 0;
			defaultConfigurationName = Release;
		};
		8C15B9771957A8DA006DE09F /* Build configuration list for PBXNativeTarget "BitVisualTests" */ = {
			isa = XCConfigurationList;
			buildConfigurations = (
				8C15B9781957A8DA006DE09F /* Debug */,
				8C15B9791957A8DA006DE09F /* Release */,
			);
			defaultConfigurationIsVisible = 0;
			defaultConfigurationName = Release;
		};
/* End XCConfigurationList section */
	};
	rootObject = 8C15B94C1957A8D9006DE09F /* Project object */;
}
